{
  "object": {
    "pins": [
      {
        "package": "FetchSwift",
        "repositoryURL": "https://github.com/vivalalova/FetchSwift",
        "state": {
          "branch": null,
          "revision": "29d4065f61a32658378b66c3f331e737e478327c",
          "version": "1.0.3"
        }
      },
      {
        "package": "Kingfisher",
        "repositoryURL": "git@github.com:onevcat/Kingfisher.git",
        "state": {
          "branch": null,
          "revision": "1339ebea9498ef6c3fc75cc195d7163d7c7167f9",
          "version": "5.14.1"
        }
      }
    ]
  },
  "version": 1
}
